
Microsoft Visual Studio Solution File, Format Version 12.00
# Visual Studio Version 17
VisualStudioVersion = 17.13.35825.156 d17.13
MinimumVisualStudioVersion = 10.0.40219.1
Project("{FAE04EC0-301F-11D3-BF4B-00C04F79EFBC}") = "HotelManagement", "HotelManagement\HotelManagement.csproj", "{1EFA0CBE-8E02-4A81-8411-3FF9B6D396CE}"
EndProject
Global
	GlobalSection(SolutionConfigurationPlatforms) = preSolution
		Debug|Any CPU = Debug|Any CPU
		Release|Any CPU = Release|Any CPU
	EndGlobalSection
	GlobalSection(ProjectConfigurationPlatforms) = postSolution
		{1EFA0CBE-8E02-4A81-8411-3FF9B6D396CE}.Debug|Any CPU.ActiveCfg = Debug|Any CPU
		{1EFA0CBE-8E02-4A81-8411-3FF9B6D396CE}.Debug|Any CPU.Build.0 = Debug|Any CPU
		{1EFA0CBE-8E02-4A81-8411-3FF9B6D396CE}.Release|Any CPU.ActiveCfg = Release|Any CPU
		{1EFA0CBE-8E02-4A81-8411-3FF9B6D396CE}.Release|Any CPU.Build.0 = Release|Any CPU
	EndGlobalSection
	GlobalSection(SolutionProperties) = preSolution
		HideSolutionNode = FALSE
	EndGlobalSection
	GlobalSection(ExtensibilityGlobals) = postSolution
		SolutionGuid = {F2730669-4679-4756-8110-FA9144B155BA}
	EndGlobalSection
EndGlobal
